
Microsoft Visual Studio Solution File, Format Version 12.00
# Visual Studio Version 17
VisualStudioVersion = 17.4.33205.214
MinimumVisualStudioVersion = 10.0.40219.1
Project("{FAE04EC0-301F-11D3-BF4B-00C04F79EFBC}") = "DInvoke", "DInvoke\DInvoke\DInvoke\DInvoke.csproj", "{B77FDAB5-207C-4CDB-B1AA-348505C54229}"
EndProject
Project("{FAE04EC0-301F-11D3-BF4B-00C04F79EFBC}") = "CreateThread", "CreateThread\CreateThread.csproj", "{1E92B390-B184-4863-8FA5-3A11924C4FB0}"
EndProject
Project("{2150E333-8FDC-42A3-9474-1A3956D46DE8}") = "Files", "Files", "{BDE97869-566E-410A-B08F-2D5122318452}"
	ProjectSection(SolutionItems) = preProject
		.gitattributes = .gitattributes
		.gitignore = .gitignore
		LICENSE.txt = LICENSE.txt
		README.md = README.md
	EndProjectSection
EndProject
Project("{FAE04EC0-301F-11D3-BF4B-00C04F79EFBC}") = "PoCLibrary", "PoCLibrary\PoCLibrary.csproj", "{6FBDE29D-125C-429C-8652-0943F2252548}"
EndProject
Global
	GlobalSection(SolutionConfigurationPlatforms) = preSolution
		Debug|Any CPU = Debug|Any CPU
		Release|Any CPU = Release|Any CPU
	EndGlobalSection
	GlobalSection(ProjectConfigurationPlatforms) = postSolution
		{B77FDAB5-207C-4CDB-B1AA-348505C54229}.Debug|Any CPU.ActiveCfg = Debug|Any CPU
		{B77FDAB5-207C-4CDB-B1AA-348505C54229}.Debug|Any CPU.Build.0 = Debug|Any CPU
		{B77FDAB5-207C-4CDB-B1AA-348505C54229}.Release|Any CPU.ActiveCfg = Release|Any CPU
		{B77FDAB5-207C-4CDB-B1AA-348505C54229}.Release|Any CPU.Build.0 = Release|Any CPU
		{1E92B390-B184-4863-8FA5-3A11924C4FB0}.Debug|Any CPU.ActiveCfg = Debug|Any CPU
		{1E92B390-B184-4863-8FA5-3A11924C4FB0}.Debug|Any CPU.Build.0 = Debug|Any CPU
		{1E92B390-B184-4863-8FA5-3A11924C4FB0}.Release|Any CPU.ActiveCfg = Release|Any CPU
		{1E92B390-B184-4863-8FA5-3A11924C4FB0}.Release|Any CPU.Build.0 = Release|Any CPU
		{6FBDE29D-125C-429C-8652-0943F2252548}.Debug|Any CPU.ActiveCfg = Debug|Any CPU
		{6FBDE29D-125C-429C-8652-0943F2252548}.Debug|Any CPU.Build.0 = Debug|Any CPU
		{6FBDE29D-125C-429C-8652-0943F2252548}.Release|Any CPU.ActiveCfg = Release|Any CPU
		{6FBDE29D-125C-429C-8652-0943F2252548}.Release|Any CPU.Build.0 = Release|Any CPU
	EndGlobalSection
	GlobalSection(SolutionProperties) = preSolution
		HideSolutionNode = FALSE
	EndGlobalSection
	GlobalSection(ExtensibilityGlobals) = postSolution
		SolutionGuid = {2DC83E9A-4D7C-430A-94D3-FEB351C2B3E2}
	EndGlobalSection
EndGlobal
